{
  "requires": true,
  "lockfileVersion": 1,
  "dependencies": {
    "argparse": {
      "version": "1.0.10",
      "resolved": "https://registry.npmjs.org/argparse/-/argparse-1.0.10.tgz",
      "integrity": "sha512-o5Roy6tNG4SL/FOkCAN6RzjiakZS25RLYFrcMttJqbdd8BWrnA+fGz57iN5Pb06pvBGvl5gQ0B48dJlslXvoTg==",
      "requires": {
        "sprintf-js": "1.0.3"
      }
    },
    "async-validator": {
      "version": "1.8.4",
      "resolved": "https://registry.npmjs.org/async-validator/-/async-validator-1.8.4.tgz",
      "integrity": "sha512-9M6Q6Q3iqFKSdyhliLG8gUH9E73p/TQU1XNH/qiybX5eFIgwB++IIZ/wcPM1f+x9WeqemxGkm0CCx69Mkx3EEg==",
      "requires": {
        "babel-runtime": "6.26.0"
      }
    },
    "babel-helper-vue-jsx-merge-props": {
      "version": "2.0.3",
      "resolved": "https://registry.npmjs.org/babel-helper-vue-jsx-merge-props/-/babel-helper-vue-jsx-merge-props-2.0.3.tgz",
      "integrity": "sha512-gsLiKK7Qrb7zYJNgiXKpXblxbV5ffSwR0f5whkPAaBAR4fhi6bwRZxX9wBlIc5M/v8CCkXUbXZL4N/nSE97cqg=="
    },
    "babel-runtime": {
      "version": "6.26.0",
      "resolved": "https://registry.npmjs.org/babel-runtime/-/babel-runtime-6.26.0.tgz",
      "integrity": "sha1-llxwWGaOgrVde/4E/yM3vItWR/4=",
      "requires": {
        "core-js": "2.5.7",
        "regenerator-runtime": "0.11.1"
      }
    },
    "clone": {
      "version": "2.1.1",
      "resolved": "https://registry.npmjs.org/clone/-/clone-2.1.1.tgz",
      "integrity": "sha1-0hfR6WERjjrJpLi7oyhVU79kfNs="
    },
    "core-js": {
      "version": "2.5.7",
      "resolved": "https://registry.npmjs.org/core-js/-/core-js-2.5.7.tgz",
      "integrity": "sha512-RszJCAxg/PP6uzXVXL6BsxSXx/B05oJAQ2vkJRjyjrEcNVycaqOmNb5OTxZPE3xa5gwZduqza6L9JOCenh/Ecw=="
    },
    "deepmerge": {
      "version": "1.5.2",
      "resolved": "https://registry.npmjs.org/deepmerge/-/deepmerge-1.5.2.tgz",
      "integrity": "sha512-95k0GDqvBjZavkuvzx/YqVLv/6YYa17fz6ILMSf7neqQITCPbnfEnQvEgMPNjH4kgobe7+WIL0yJEHku+H3qtQ=="
    },
    "element-ui": {
      "version": "2.4.4",
      "resolved": "https://registry.npmjs.org/element-ui/-/element-ui-2.4.4.tgz",
      "integrity": "sha512-ZjGhE8n3Hm5iJTnie/rtruj0sl5zRJJoosmELzvJaFS8RC/z3iDpUnZQYssZa9eQQumCrhVQryNiNRrU4/VpJg==",
      "requires": {
        "async-validator": "1.8.4",
        "babel-helper-vue-jsx-merge-props": "2.0.3",
        "deepmerge": "1.5.2",
        "normalize-wheel": "1.0.1",
        "resize-observer-polyfill": "1.5.0",
        "throttle-debounce": "1.1.0"
      }
    },
    "entities": {
      "version": "1.1.1",
      "resolved": "https://registry.npmjs.org/entities/-/entities-1.1.1.tgz",
      "integrity": "sha1-blwtClYhtdra7O+AuQ7ftc13cvA="
    },
    "highlight.js": {
      "version": "9.12.0",
      "resolved": "https://registry.npmjs.org/highlight.js/-/highlight.js-9.12.0.tgz",
      "integrity": "sha1-5tnb5Xy+/mB1HwKvM2GVhwyQwB4="
    },
    "katex": {
      "version": "0.6.0",
      "resolved": "https://registry.npmjs.org/katex/-/katex-0.6.0.tgz",
      "integrity": "sha1-EkGOCRIcBckgQbazuftrqyE8tvM=",
      "requires": {
        "match-at": "0.1.1"
      }
    },
    "linkify-it": {
      "version": "1.2.4",
      "resolved": "https://registry.npmjs.org/linkify-it/-/linkify-it-1.2.4.tgz",
      "integrity": "sha1-B3NSbDF8j9E71TTuHRgP+Iq/iBo=",
      "requires": {
        "uc.micro": "1.0.5"
      }
    },
    "markdown-it": {
      "version": "6.1.1",
      "resolved": "https://registry.npmjs.org/markdown-it/-/markdown-it-6.1.1.tgz",
      "integrity": "sha1-ztA39Ec+6fUVOsQU933IPJG6knw=",
      "requires": {
        "argparse": "1.0.10",
        "entities": "1.1.1",
        "linkify-it": "1.2.4",
        "mdurl": "1.0.1",
        "uc.micro": "1.0.5"
      }
    },
    "markdown-it-abbr": {
      "version": "1.0.4",
      "resolved": "https://registry.npmjs.org/markdown-it-abbr/-/markdown-it-abbr-1.0.4.tgz",
      "integrity": "sha1-1mtTZFIcuz3Yqlna37ovtoZcj9g="
    },
    "markdown-it-deflist": {
      "version": "2.0.3",
      "resolved": "https://registry.npmjs.org/markdown-it-deflist/-/markdown-it-deflist-2.0.3.tgz",
      "integrity": "sha512-/BNZ8ksW42bflm1qQLnRI09oqU2847Z7MVavrR0MORyKLtiUYOMpwtlAfMSZAQU9UCvaUZMpgVAqoS3vpToJxw=="
    },
    "markdown-it-emoji": {
      "version": "1.4.0",
      "resolved": "https://registry.npmjs.org/markdown-it-emoji/-/markdown-it-emoji-1.4.0.tgz",
      "integrity": "sha1-m+4OmpkKljupbfaYDE/dsF37Tcw="
    },
    "markdown-it-footnote": {
      "version": "2.0.0",
      "resolved": "https://registry.npmjs.org/markdown-it-footnote/-/markdown-it-footnote-2.0.0.tgz",
      "integrity": "sha1-FOnE9o/xLPNU+jZa43gnboEEypQ="
    },
    "markdown-it-ins": {
      "version": "2.0.0",
      "resolved": "https://registry.npmjs.org/markdown-it-ins/-/markdown-it-ins-2.0.0.tgz",
      "integrity": "sha1-papqMPHi9x6Ul1Z8/f9A8f3mdIM="
    },
    "markdown-it-katex": {
      "version": "2.0.3",
      "resolved": "https://registry.npmjs.org/markdown-it-katex/-/markdown-it-katex-2.0.3.tgz",
      "integrity": "sha1-17hqGuoLnWSW+rTnkZoY/e9YnDk=",
      "requires": {
        "katex": "0.6.0"
      }
    },
    "markdown-it-mark": {
      "version": "2.0.0",
      "resolved": "https://registry.npmjs.org/markdown-it-mark/-/markdown-it-mark-2.0.0.tgz",
      "integrity": "sha1-RqGqlHEFrtgYiXjgoBYXnkBPQsc="
    },
    "markdown-it-sub": {
      "version": "1.0.0",
      "resolved": "https://registry.npmjs.org/markdown-it-sub/-/markdown-it-sub-1.0.0.tgz",
      "integrity": "sha1-N1/WAm6ufdywEkl/ZBEZXqHjr+g="
    },
    "markdown-it-sup": {
      "version": "1.0.0",
      "resolved": "https://registry.npmjs.org/markdown-it-sup/-/markdown-it-sup-1.0.0.tgz",
      "integrity": "sha1-y5yf+RpSVawI8/09YyhuFd8KH8M="
    },
    "markdown-it-task-lists": {
      "version": "2.1.1",
      "resolved": "https://registry.npmjs.org/markdown-it-task-lists/-/markdown-it-task-lists-2.1.1.tgz",
      "integrity": "sha512-TxFAc76Jnhb2OUu+n3yz9RMu4CwGfaT788br6HhEDlvWfdeJcLUsxk1Hgw2yJio0OXsxv7pyIPmvECY7bMbluA=="
    },
    "markdown-it-toc-and-anchor": {
      "version": "4.1.2",
      "resolved": "https://registry.npmjs.org/markdown-it-toc-and-anchor/-/markdown-it-toc-and-anchor-4.1.2.tgz",
      "integrity": "sha1-snH2lKcL9xnmtygFbXvZMdNkIU0=",
      "requires": {
        "clone": "2.1.1",
        "uslug": "1.0.4"
      }
    },
    "match-at": {
      "version": "0.1.1",
      "resolved": "https://registry.npmjs.org/match-at/-/match-at-0.1.1.tgz",
      "integrity": "sha512-h4Yd392z9mST+dzc+yjuybOGFNOZjmXIPKWjxBd1Bb23r4SmDOsk2NYCU2BMUBGbSpZqwVsZYNq26QS3xfaT3Q=="
    },
    "mdurl": {
      "version": "1.0.1",
      "resolved": "https://registry.npmjs.org/mdurl/-/mdurl-1.0.1.tgz",
      "integrity": "sha1-/oWy7HWlkDfyrf7BAP1sYBdhFS4="
    },
    "normalize-wheel": {
      "version": "1.0.1",
      "resolved": "https://registry.npmjs.org/normalize-wheel/-/normalize-wheel-1.0.1.tgz",
      "integrity": "sha1-rsiGr/2wRQcNhWRH32Ls+GFG7EU="
    },
    "regenerator-runtime": {
      "version": "0.11.1",
      "resolved": "https://registry.npmjs.org/regenerator-runtime/-/regenerator-runtime-0.11.1.tgz",
      "integrity": "sha512-MguG95oij0fC3QV3URf4V2SDYGJhJnJGqvIIgdECeODCT98wSWDAJ94SSuVpYQUoTcGUIL6L4yNB7j1DFFHSBg=="
    },
    "resize-observer-polyfill": {
      "version": "1.5.0",
      "resolved": "https://registry.npmjs.org/resize-observer-polyfill/-/resize-observer-polyfill-1.5.0.tgz",
      "integrity": "sha512-M2AelyJDVR/oLnToJLtuDJRBBWUGUvvGigj1411hXhAdyFWqMaqHp7TixW3FpiLuVaikIcR1QL+zqoJoZlOgpg=="
    },
    "sprintf-js": {
      "version": "1.0.3",
      "resolved": "https://registry.npmjs.org/sprintf-js/-/sprintf-js-1.0.3.tgz",
      "integrity": "sha1-BOaSb2YolTVPPdAVIDYzuFcpfiw="
    },
    "throttle-debounce": {
      "version": "1.1.0",
      "resolved": "https://registry.npmjs.org/throttle-debounce/-/throttle-debounce-1.1.0.tgz",
      "integrity": "sha512-XH8UiPCQcWNuk2LYePibW/4qL97+ZQ1AN3FNXwZRBNPPowo/NRU5fAlDCSNBJIYCKbioZfuYtMhG4quqoJhVzg=="
    },
    "uc.micro": {
      "version": "1.0.5",
      "resolved": "https://registry.npmjs.org/uc.micro/-/uc.micro-1.0.5.tgz",
      "integrity": "sha512-JoLI4g5zv5qNyT09f4YAvEZIIV1oOjqnewYg5D38dkQljIzpPT296dbIGvKro3digYI1bkb7W6EP1y4uDlmzLg=="
    },
    "unorm": {
      "version": "1.4.1",
      "resolved": "https://registry.npmjs.org/unorm/-/unorm-1.4.1.tgz",
      "integrity": "sha1-NkIA1fE2RsqLzURJAnEzVhR5IwA="
    },
    "uslug": {
      "version": "1.0.4",
      "resolved": "https://registry.npmjs.org/uslug/-/uslug-1.0.4.tgz",
      "integrity": "sha1-uaIvCRTgqGFAYz2swwLl9PpFBnc=",
      "requires": {
        "unorm": "1.4.1"
      }
    },
    "vue-router": {
      "version": "3.0.1",
      "resolved": "https://registry.npmjs.org/vue-router/-/vue-router-3.0.1.tgz",
      "integrity": "sha512-vLLoY452L+JBpALMP5UHum9+7nzR9PeIBCghU9ZtJ1eWm6ieUI8Zb/DI3MYxH32bxkjzYV1LRjNv4qr8d+uX/w=="
    }
  }
}
